
Microsoft Visual Studio Solution File, Format Version 12.00
# Visual Studio Version 17
VisualStudioVersion = 17.4.33205.214
MinimumVisualStudioVersion = 10.0.40219.1
Project("{FAE04EC0-301F-11D3-BF4B-00C04F79EFBC}") = "AdventOfCode", "AdventOfCode.csproj", "{595DFE2B-9000-4CA3-9963-1D43D911F4ED}"
EndProject
Global
	GlobalSection(SolutionConfigurationPlatforms) = preSolution
		Debug|Any CPU = Debug|Any CPU
		Release|Any CPU = Release|Any CPU
	EndGlobalSection
	GlobalSection(ProjectConfigurationPlatforms) = postSolution
		{595DFE2B-9000-4CA3-9963-1D43D911F4ED}.Debug|Any CPU.ActiveCfg = Debug|Any CPU
		{595DFE2B-9000-4CA3-9963-1D43D911F4ED}.Debug|Any CPU.Build.0 = Debug|Any CPU
		{595DFE2B-9000-4CA3-9963-1D43D911F4ED}.Release|Any CPU.ActiveCfg = Release|Any CPU
		{595DFE2B-9000-4CA3-9963-1D43D911F4ED}.Release|Any CPU.Build.0 = Release|Any CPU
	EndGlobalSection
	GlobalSection(SolutionProperties) = preSolution
		HideSolutionNode = FALSE
	EndGlobalSection
	GlobalSection(ExtensibilityGlobals) = postSolution
		SolutionGuid = {8EDED9EE-3B55-4BA7-961C-F7D3526C4686}
	EndGlobalSection
EndGlobal
